
Microsoft Visual Studio Solution File, Format Version 12.00
# Visual Studio Version 17
VisualStudioVersion = 17.3.32922.545
MinimumVisualStudioVersion = 10.0.40219.1
Project("{FAE04EC0-301F-11D3-BF4B-00C04F79EFBC}") = "lab5", "lab5\lab5.csproj", "{9981F892-EDC2-4D0A-99C1-6771B26C2F86}"
EndProject
Global
	GlobalSection(SolutionConfigurationPlatforms) = preSolution
		Debug|Any CPU = Debug|Any CPU
		Release|Any CPU = Release|Any CPU
	EndGlobalSection
	GlobalSection(ProjectConfigurationPlatforms) = postSolution
		{9981F892-EDC2-4D0A-99C1-6771B26C2F86}.Debug|Any CPU.ActiveCfg = Debug|Any CPU
		{9981F892-EDC2-4D0A-99C1-6771B26C2F86}.Debug|Any CPU.Build.0 = Debug|Any CPU
		{9981F892-EDC2-4D0A-99C1-6771B26C2F86}.Release|Any CPU.ActiveCfg = Release|Any CPU
		{9981F892-EDC2-4D0A-99C1-6771B26C2F86}.Release|Any CPU.Build.0 = Release|Any CPU
	EndGlobalSection
	GlobalSection(SolutionProperties) = preSolution
		HideSolutionNode = FALSE
	EndGlobalSection
	GlobalSection(ExtensibilityGlobals) = postSolution
		SolutionGuid = {5F04B93B-0D5D-4BAD-BE71-A1A9573C748A}
	EndGlobalSection
EndGlobal
